Microsoft Visual Studio Solution File, Format Version 12.00
# Visual Studio 2013
VisualStudioVersion = 12.0.31101.0
MinimumVisualStudioVersion = 10.0.40219.1
Project("{FAE04EC0-301F-11D3-BF4B-00C04F79EFBC}") = "DD4T.Templates.Base", "DD4T.Templates.Base\DD4T.Templates.Base.csproj", "{B52EEF88-CDA2-41A8-84F9-7C5CDA4245BF}"
EndProject
Project("{FAE04EC0-301F-11D3-BF4B-00C04F79EFBC}") = "DD4T.Templates", "DD4T.Templates\DD4T.Templates.csproj", "{83682E54-4314-4922-9D1A-62A69EFED674}"
EndProject
Project("{2150E333-8FDC-42A3-9474-1A3956D46DE8}") = "Solution Items", "Solution Items", "{DB974FDB-3490-4356-BB72-876E5185A973}"
	ProjectSection(SolutionItems) = preProject
		Solution Items\AssemblyInfo.cs = Solution Items\AssemblyInfo.cs
		Solution Items\dynamicdelivery.snk = Solution Items\dynamicdelivery.snk
	EndProjectSection
EndProject
Project("{2150E333-8FDC-42A3-9474-1A3956D46DE8}") = ".nuget", ".nuget", "{2EAB78ED-7387-427F-86D4-61C0434B75BC}"
	ProjectSection(SolutionItems) = preProject
		.nuget\NuGet.Config = .nuget\NuGet.Config
		.nuget\NuGet.exe = .nuget\NuGet.exe
		.nuget\NuGet.targets = .nuget\NuGet.targets
	EndProjectSection
EndProject
Global
	GlobalSection(SolutionConfigurationPlatforms) = preSolution
		Debug|Any CPU = Debug|Any CPU
		Debug|Mixed Platforms = Debug|Mixed Platforms
		Debug|x86 = Debug|x86
		Release|Any CPU = Release|Any CPU
		Release|Mixed Platforms = Release|Mixed Platforms
		Release|x86 = Release|x86
	EndGlobalSection
	GlobalSection(ProjectConfigurationPlatforms) = postSolution
		{B52EEF88-CDA2-41A8-84F9-7C5CDA4245BF}.Debug|Any CPU.ActiveCfg = Debug|Any CPU
		{B52EEF88-CDA2-41A8-84F9-7C5CDA4245BF}.Debug|Any CPU.Build.0 = Debug|Any CPU
		{B52EEF88-CDA2-41A8-84F9-7C5CDA4245BF}.Debug|Mixed Platforms.ActiveCfg = Debug|Any CPU
		{B52EEF88-CDA2-41A8-84F9-7C5CDA4245BF}.Debug|Mixed Platforms.Build.0 = Debug|Any CPU
		{B52EEF88-CDA2-41A8-84F9-7C5CDA4245BF}.Debug|x86.ActiveCfg = Debug|Any CPU
		{B52EEF88-CDA2-41A8-84F9-7C5CDA4245BF}.Release|Any CPU.ActiveCfg = Release|Any CPU
		{B52EEF88-CDA2-41A8-84F9-7C5CDA4245BF}.Release|Any CPU.Build.0 = Release|Any CPU
		{B52EEF88-CDA2-41A8-84F9-7C5CDA4245BF}.Release|Mixed Platforms.ActiveCfg = Release|Any CPU
		{B52EEF88-CDA2-41A8-84F9-7C5CDA4245BF}.Release|Mixed Platforms.Build.0 = Release|Any CPU
		{B52EEF88-CDA2-41A8-84F9-7C5CDA4245BF}.Release|x86.ActiveCfg = Release|Any CPU
		{83682E54-4314-4922-9D1A-62A69EFED674}.Debug|Any CPU.ActiveCfg = Debug|Any CPU
		{83682E54-4314-4922-9D1A-62A69EFED674}.Debug|Any CPU.Build.0 = Debug|Any CPU
		{83682E54-4314-4922-9D1A-62A69EFED674}.Debug|Mixed Platforms.ActiveCfg = Debug|Any CPU
		{83682E54-4314-4922-9D1A-62A69EFED674}.Debug|Mixed Platforms.Build.0 = Debug|Any CPU
		{83682E54-4314-4922-9D1A-62A69EFED674}.Debug|x86.ActiveCfg = Debug|Any CPU
		{83682E54-4314-4922-9D1A-62A69EFED674}.Release|Any CPU.ActiveCfg = Release|Any CPU
		{83682E54-4314-4922-9D1A-62A69EFED674}.Release|Any CPU.Build.0 = Release|Any CPU
		{83682E54-4314-4922-9D1A-62A69EFED674}.Release|Mixed Platforms.ActiveCfg = Release|Any CPU
		{83682E54-4314-4922-9D1A-62A69EFED674}.Release|Mixed Platforms.Build.0 = Release|Any CPU
		{83682E54-4314-4922-9D1A-62A69EFED674}.Release|x86.ActiveCfg = Release|Any CPU
	EndGlobalSection
	GlobalSection(SolutionProperties) = preSolution
		HideSolutionNode = FALSE
	EndGlobalSection
	GlobalSection(SubversionScc) = preSolution
		Svn-Managed = True
		Manager = AnkhSVN - Subversion Support for Visual Studio
	EndGlobalSection
EndGlobal
